
Microsoft Visual Studio Solution File, Format Version 12.00
# Visual Studio Version 17
VisualStudioVersion = 17.12.35514.174
MinimumVisualStudioVersion = 10.0.40219.1
Project("{FAE04EC0-301F-11D3-BF4B-00C04F79EFBC}") = "WebApi", "WebApi\WebApi.csproj", "{57103B34-19D0-4B43-96BD-05A7F5FEDEEB}"
EndProject
Project("{FAE04EC0-301F-11D3-BF4B-00C04F79EFBC}") = "Dal_Repository", "Dal_Repository\Dal_Repository.csproj", "{A0C7C4D1-B29C-46DB-9793-F334CC6BD21B}"
EndProject
Project("{FAE04EC0-301F-11D3-BF4B-00C04F79EFBC}") = "Dto_Common_Enteties", "Dto_Common_Enteties\Dto_Common_Enteties.csproj", "{0C7FD677-AA19-4CD1-A1E9-80D3DEE97B1B}"
EndProject
Project("{FAE04EC0-301F-11D3-BF4B-00C04F79EFBC}") = "Bll_Services", "Bll_Services\Bll_Services.csproj", "{8EE03DA9-B494-432C-A08D-C983AAA90826}"
EndProject
Project("{FAE04EC0-301F-11D3-BF4B-00C04F79EFBC}") = "IDal_Repository", "IDal_Repository\IDal_Repository.csproj", "{9B6B56B4-6DA0-48F0-A429-5DD90EDB25D5}"
EndProject
Project("{FAE04EC0-301F-11D3-BF4B-00C04F79EFBC}") = "IBll_Services", "IBll_Services\IBll_Services.csproj", "{13D0F8EC-E483-409C-B3B2-A6E2488641C4}"
EndProject
Global
	GlobalSection(SolutionConfigurationPlatforms) = preSolution
		Debug|Any CPU = Debug|Any CPU
		Release|Any CPU = Release|Any CPU
	EndGlobalSection
	GlobalSection(ProjectConfigurationPlatforms) = postSolution
		{57103B34-19D0-4B43-96BD-05A7F5FEDEEB}.Debug|Any CPU.ActiveCfg = Debug|Any CPU
		{57103B34-19D0-4B43-96BD-05A7F5FEDEEB}.Debug|Any CPU.Build.0 = Debug|Any CPU
		{57103B34-19D0-4B43-96BD-05A7F5FEDEEB}.Release|Any CPU.ActiveCfg = Release|Any CPU
		{57103B34-19D0-4B43-96BD-05A7F5FEDEEB}.Release|Any CPU.Build.0 = Release|Any CPU
		{A0C7C4D1-B29C-46DB-9793-F334CC6BD21B}.Debug|Any CPU.ActiveCfg = Debug|Any CPU
		{A0C7C4D1-B29C-46DB-9793-F334CC6BD21B}.Debug|Any CPU.Build.0 = Debug|Any CPU
		{A0C7C4D1-B29C-46DB-9793-F334CC6BD21B}.Release|Any CPU.ActiveCfg = Release|Any CPU
		{A0C7C4D1-B29C-46DB-9793-F334CC6BD21B}.Release|Any CPU.Build.0 = Release|Any CPU
		{0C7FD677-AA19-4CD1-A1E9-80D3DEE97B1B}.Debug|Any CPU.ActiveCfg = Debug|Any CPU
		{0C7FD677-AA19-4CD1-A1E9-80D3DEE97B1B}.Debug|Any CPU.Build.0 = Debug|Any CPU
		{0C7FD677-AA19-4CD1-A1E9-80D3DEE97B1B}.Release|Any CPU.ActiveCfg = Release|Any CPU
		{0C7FD677-AA19-4CD1-A1E9-80D3DEE97B1B}.Release|Any CPU.Build.0 = Release|Any CPU
		{8EE03DA9-B494-432C-A08D-C983AAA90826}.Debug|Any CPU.ActiveCfg = Debug|Any CPU
		{8EE03DA9-B494-432C-A08D-C983AAA90826}.Debug|Any CPU.Build.0 = Debug|Any CPU
		{8EE03DA9-B494-432C-A08D-C983AAA90826}.Release|Any CPU.ActiveCfg = Release|Any CPU
		{8EE03DA9-B494-432C-A08D-C983AAA90826}.Release|Any CPU.Build.0 = Release|Any CPU
		{9B6B56B4-6DA0-48F0-A429-5DD90EDB25D5}.Debug|Any CPU.ActiveCfg = Debug|Any CPU
		{9B6B56B4-6DA0-48F0-A429-5DD90EDB25D5}.Debug|Any CPU.Build.0 = Debug|Any CPU
		{9B6B56B4-6DA0-48F0-A429-5DD90EDB25D5}.Release|Any CPU.ActiveCfg = Release|Any CPU
		{9B6B56B4-6DA0-48F0-A429-5DD90EDB25D5}.Release|Any CPU.Build.0 = Release|Any CPU
		{13D0F8EC-E483-409C-B3B2-A6E2488641C4}.Debug|Any CPU.ActiveCfg = Debug|Any CPU
		{13D0F8EC-E483-409C-B3B2-A6E2488641C4}.Debug|Any CPU.Build.0 = Debug|Any CPU
		{13D0F8EC-E483-409C-B3B2-A6E2488641C4}.Release|Any CPU.ActiveCfg = Release|Any CPU
		{13D0F8EC-E483-409C-B3B2-A6E2488641C4}.Release|Any CPU.Build.0 = Release|Any CPU
	EndGlobalSection
	GlobalSection(SolutionProperties) = preSolution
		HideSolutionNode = FALSE
	EndGlobalSection
EndGlobal
